# THIS IS AN AUTOGENERATED FILE. DO NOT EDIT THIS FILE DIRECTLY.
# yarn lockfile v1


"@types/mocha@^8.0.0":
  version "8.0.1"
  resolved "https://registry.yarnpkg.com/@types/mocha/-/mocha-8.0.1.tgz#813b4ff8dd9920d652e1e6b451ff1e371a4561d2"
  integrity sha512-TBZ6YdX7IZz4U9/mBoB8zCMRN1vXw8QdihRcZxD3I0Cv/r8XF8RggZ8WiXFws4aj5atzRR5hJrYer7g8nXwpnQ==

typescript@^3.9.7:
  version "3.9.7"
  resolved "https://registry.yarnpkg.com/typescript/-/typescript-3.9.7.tgz#98d600a5ebdc38f40cb277522f12dc800e9e25fa"
  integrity sha512-BLbiRkiBzAwsjut4x/dsibSTB6yWpwT5qWmC2OfuCg3GgVQCSgMs4vEctYPhsaGtd0AeuuHMkjZ2h2WG8MSzRw==
